
Microsoft Visual Studio Solution File, Format Version 12.00
# Visual Studio Version 17
VisualStudioVersion = 17.10.34928.147
MinimumVisualStudioVersion = 10.0.40219.1
Project("{9A19103F-16F7-4668-BE54-9A1E7A4F7556}") = "UltimateAPI", "UltimateAPI\UltimateAPI.csproj", "{E6EDB65A-06B4-4C5C-9483-B544BE52910C}"
EndProject
Project("{FAE04EC0-301F-11D3-BF4B-00C04F79EFBC}") = "UltimateCore", "UltimateCore\UltimateCore.csproj", "{7BA2F6EA-0669-41C6-A59A-7D38E182D238}"
EndProject
Project("{FAE04EC0-301F-11D3-BF4B-00C04F79EFBC}") = "UltimateRepository", "UltimateRepository\UltimateRepository.csproj", "{0C2652B2-0357-4DB4-99EC-D670BA1F5636}"
EndProject
Project("{FAE04EC0-301F-11D3-BF4B-00C04F79EFBC}") = "UltimateService", "UltimateService\UltimateService.csproj", "{6E5D33BF-D1D9-4859-B7DA-5AEE5248E9A6}"
EndProject
Global
	GlobalSection(SolutionConfigurationPlatforms) = preSolution
		Debug|Any CPU = Debug|Any CPU
		Release|Any CPU = Release|Any CPU
	EndGlobalSection
	GlobalSection(ProjectConfigurationPlatforms) = postSolution
		{E6EDB65A-06B4-4C5C-9483-B544BE52910C}.Debug|Any CPU.ActiveCfg = Debug|Any CPU
		{E6EDB65A-06B4-4C5C-9483-B544BE52910C}.Debug|Any CPU.Build.0 = Debug|Any CPU
		{E6EDB65A-06B4-4C5C-9483-B544BE52910C}.Release|Any CPU.ActiveCfg = Release|Any CPU
		{E6EDB65A-06B4-4C5C-9483-B544BE52910C}.Release|Any CPU.Build.0 = Release|Any CPU
		{7BA2F6EA-0669-41C6-A59A-7D38E182D238}.Debug|Any CPU.ActiveCfg = Debug|Any CPU
		{7BA2F6EA-0669-41C6-A59A-7D38E182D238}.Debug|Any CPU.Build.0 = Debug|Any CPU
		{7BA2F6EA-0669-41C6-A59A-7D38E182D238}.Release|Any CPU.ActiveCfg = Release|Any CPU
		{7BA2F6EA-0669-41C6-A59A-7D38E182D238}.Release|Any CPU.Build.0 = Release|Any CPU
		{0C2652B2-0357-4DB4-99EC-D670BA1F5636}.Debug|Any CPU.ActiveCfg = Debug|Any CPU
		{0C2652B2-0357-4DB4-99EC-D670BA1F5636}.Debug|Any CPU.Build.0 = Debug|Any CPU
		{0C2652B2-0357-4DB4-99EC-D670BA1F5636}.Release|Any CPU.ActiveCfg = Release|Any CPU
		{0C2652B2-0357-4DB4-99EC-D670BA1F5636}.Release|Any CPU.Build.0 = Release|Any CPU
		{6E5D33BF-D1D9-4859-B7DA-5AEE5248E9A6}.Debug|Any CPU.ActiveCfg = Debug|Any CPU
		{6E5D33BF-D1D9-4859-B7DA-5AEE5248E9A6}.Debug|Any CPU.Build.0 = Debug|Any CPU
		{6E5D33BF-D1D9-4859-B7DA-5AEE5248E9A6}.Release|Any CPU.ActiveCfg = Release|Any CPU
		{6E5D33BF-D1D9-4859-B7DA-5AEE5248E9A6}.Release|Any CPU.Build.0 = Release|Any CPU
	EndGlobalSection
	GlobalSection(SolutionProperties) = preSolution
		HideSolutionNode = FALSE
	EndGlobalSection
	GlobalSection(ExtensibilityGlobals) = postSolution
		SolutionGuid = {A7DF6CD4-D2EC-4E29-A3F8-BB2BEE7EFBE2}
	EndGlobalSection
EndGlobal
