
Microsoft Visual Studio Solution File, Format Version 12.00
# Visual Studio Version 17
VisualStudioVersion = 17.4.33205.214
MinimumVisualStudioVersion = 10.0.40219.1
Project("{FAE04EC0-301F-11D3-BF4B-00C04F79EFBC}") = "Blood banck", "Blood banck.csproj", "{5B386689-F65C-4EE7-88C3-3D8A963B9C11}"
EndProject
Project("{2150E333-8FDC-42A3-9474-1A3956D46DE8}") = "Solution Items", "Solution Items", "{AD12CAFF-78ED-49DE-B295-A84344403092}"
	ProjectSection(SolutionItems) = preProject
		datacon.cs = datacon.cs
	EndProjectSection
EndProject
Global
	GlobalSection(SolutionConfigurationPlatforms) = preSolution
		Debug|Any CPU = Debug|Any CPU
		Release|Any CPU = Release|Any CPU
	EndGlobalSection
	GlobalSection(ProjectConfigurationPlatforms) = postSolution
		{5B386689-F65C-4EE7-88C3-3D8A963B9C11}.Debug|Any CPU.ActiveCfg = Debug|Any CPU
		{5B386689-F65C-4EE7-88C3-3D8A963B9C11}.Debug|Any CPU.Build.0 = Debug|Any CPU
		{5B386689-F65C-4EE7-88C3-3D8A963B9C11}.Release|Any CPU.ActiveCfg = Release|Any CPU
		{5B386689-F65C-4EE7-88C3-3D8A963B9C11}.Release|Any CPU.Build.0 = Release|Any CPU
	EndGlobalSection
	GlobalSection(SolutionProperties) = preSolution
		HideSolutionNode = FALSE
	EndGlobalSection
	GlobalSection(ExtensibilityGlobals) = postSolution
		SolutionGuid = {E2FC677A-280B-4447-9311-1C48C0767870}
	EndGlobalSection
EndGlobal
