
Microsoft Visual Studio Solution File, Format Version 12.00
# Visual Studio Version 17
VisualStudioVersion = 17.4.33205.214
MinimumVisualStudioVersion = 10.0.40219.1
Project("{FAE04EC0-301F-11D3-BF4B-00C04F79EFBC}") = "UserManagementwithIdentity", "UserManagementwithIdentity\UserManagementwithIdentity.csproj", "{312CEAD3-ECEE-4520-A8A6-542B593AB8F0}"
EndProject
Global
	GlobalSection(SolutionConfigurationPlatforms) = preSolution
		Debug|Any CPU = Debug|Any CPU
		Release|Any CPU = Release|Any CPU
	EndGlobalSection
	GlobalSection(ProjectConfigurationPlatforms) = postSolution
		{312CEAD3-ECEE-4520-A8A6-542B593AB8F0}.Debug|Any CPU.ActiveCfg = Debug|Any CPU
		{312CEAD3-ECEE-4520-A8A6-542B593AB8F0}.Debug|Any CPU.Build.0 = Debug|Any CPU
		{312CEAD3-ECEE-4520-A8A6-542B593AB8F0}.Release|Any CPU.ActiveCfg = Release|Any CPU
		{312CEAD3-ECEE-4520-A8A6-542B593AB8F0}.Release|Any CPU.Build.0 = Release|Any CPU
	EndGlobalSection
	GlobalSection(SolutionProperties) = preSolution
		HideSolutionNode = FALSE
	EndGlobalSection
	GlobalSection(ExtensibilityGlobals) = postSolution
		SolutionGuid = {5300BA2B-36B5-41A0-804D-BC5A06964289}
	EndGlobalSection
EndGlobal
