
Microsoft Visual Studio Solution File, Format Version 12.00
# Visual Studio Version 17
VisualStudioVersion = 17.4.33205.214
MinimumVisualStudioVersion = 10.0.40219.1
Project("{FAE04EC0-301F-11D3-BF4B-00C04F79EFBC}") = "CleanArch", "CleanArch\CleanArch.csproj", "{A72435AC-7C2D-4A5B-B803-9E759949F70C}"
EndProject
Global
	GlobalSection(SolutionConfigurationPlatforms) = preSolution
		Debug|Any CPU = Debug|Any CPU
		Release|Any CPU = Release|Any CPU
	EndGlobalSection
	GlobalSection(ProjectConfigurationPlatforms) = postSolution
		{A72435AC-7C2D-4A5B-B803-9E759949F70C}.Debug|Any CPU.ActiveCfg = Debug|Any CPU
		{A72435AC-7C2D-4A5B-B803-9E759949F70C}.Debug|Any CPU.Build.0 = Debug|Any CPU
		{A72435AC-7C2D-4A5B-B803-9E759949F70C}.Release|Any CPU.ActiveCfg = Release|Any CPU
		{A72435AC-7C2D-4A5B-B803-9E759949F70C}.Release|Any CPU.Build.0 = Release|Any CPU
	EndGlobalSection
	GlobalSection(SolutionProperties) = preSolution
		HideSolutionNode = FALSE
	EndGlobalSection
	GlobalSection(ExtensibilityGlobals) = postSolution
		SolutionGuid = {A9A4F8C8-5DFD-46BE-B131-173EE294490C}
	EndGlobalSection
EndGlobal
