
Microsoft Visual Studio Solution File, Format Version 12.00
# Visual Studio Version 17
VisualStudioVersion = 17.10.34928.147
MinimumVisualStudioVersion = 10.0.40219.1
Project("{FAE04EC0-301F-11D3-BF4B-00C04F79EFBC}") = "API", "API\API.csproj", "{82F501C8-C3F6-4427-BB9E-1B95C54BD04C}"
EndProject
Project("{FAE04EC0-301F-11D3-BF4B-00C04F79EFBC}") = "DAL", "DAL\DAL.csproj", "{49EBD065-73CC-4F1A-B4AE-EF998BE15622}"
EndProject
Project("{FAE04EC0-301F-11D3-BF4B-00C04F79EFBC}") = "BLL", "BAL\BLL.csproj", "{0D80B565-427D-4D3E-B1A5-174F3A5B47D6}"
EndProject
Global
	GlobalSection(SolutionConfigurationPlatforms) = preSolution
		Debug|Any CPU = Debug|Any CPU
		Release|Any CPU = Release|Any CPU
	EndGlobalSection
	GlobalSection(ProjectConfigurationPlatforms) = postSolution
		{82F501C8-C3F6-4427-BB9E-1B95C54BD04C}.Debug|Any CPU.ActiveCfg = Debug|Any CPU
		{82F501C8-C3F6-4427-BB9E-1B95C54BD04C}.Debug|Any CPU.Build.0 = Debug|Any CPU
		{82F501C8-C3F6-4427-BB9E-1B95C54BD04C}.Release|Any CPU.ActiveCfg = Release|Any CPU
		{82F501C8-C3F6-4427-BB9E-1B95C54BD04C}.Release|Any CPU.Build.0 = Release|Any CPU
		{49EBD065-73CC-4F1A-B4AE-EF998BE15622}.Debug|Any CPU.ActiveCfg = Debug|Any CPU
		{49EBD065-73CC-4F1A-B4AE-EF998BE15622}.Debug|Any CPU.Build.0 = Debug|Any CPU
		{49EBD065-73CC-4F1A-B4AE-EF998BE15622}.Release|Any CPU.ActiveCfg = Release|Any CPU
		{49EBD065-73CC-4F1A-B4AE-EF998BE15622}.Release|Any CPU.Build.0 = Release|Any CPU
		{0D80B565-427D-4D3E-B1A5-174F3A5B47D6}.Debug|Any CPU.ActiveCfg = Debug|Any CPU
		{0D80B565-427D-4D3E-B1A5-174F3A5B47D6}.Debug|Any CPU.Build.0 = Debug|Any CPU
		{0D80B565-427D-4D3E-B1A5-174F3A5B47D6}.Release|Any CPU.ActiveCfg = Release|Any CPU
		{0D80B565-427D-4D3E-B1A5-174F3A5B47D6}.Release|Any CPU.Build.0 = Release|Any CPU
	EndGlobalSection
	GlobalSection(SolutionProperties) = preSolution
		HideSolutionNode = FALSE
	EndGlobalSection
	GlobalSection(ExtensibilityGlobals) = postSolution
		SolutionGuid = {950F0D23-50C0-4034-81C7-2EA448458E43}
	EndGlobalSection
EndGlobal
