
Microsoft Visual Studio Solution File, Format Version 12.00
# Visual Studio Version 17
VisualStudioVersion = 17.4.33205.214
MinimumVisualStudioVersion = 10.0.40219.1
Project("{9A19103F-16F7-4668-BE54-9A1E7A4F7556}") = "LinqITI", "LinqITI.csproj", "{FDDB9BA3-52B8-4EF4-A32A-1441357FB1D3}"
EndProject
Project("{9A19103F-16F7-4668-BE54-9A1E7A4F7556}") = "D9", "..\D9\D9.csproj", "{2F94377C-FAD0-4704-BAA5-7071EC2BDCE0}"
EndProject
Project("{9A19103F-16F7-4668-BE54-9A1E7A4F7556}") = "D10", "..\D10\D10.csproj", "{9C3BAF91-A265-4D49-BD1D-34004DD6175F}"
EndProject
Global
	GlobalSection(SolutionConfigurationPlatforms) = preSolution
		Debug|Any CPU = Debug|Any CPU
		Release|Any CPU = Release|Any CPU
	EndGlobalSection
	GlobalSection(ProjectConfigurationPlatforms) = postSolution
		{FDDB9BA3-52B8-4EF4-A32A-1441357FB1D3}.Debug|Any CPU.ActiveCfg = Debug|Any CPU
		{FDDB9BA3-52B8-4EF4-A32A-1441357FB1D3}.Debug|Any CPU.Build.0 = Debug|Any CPU
		{FDDB9BA3-52B8-4EF4-A32A-1441357FB1D3}.Release|Any CPU.ActiveCfg = Release|Any CPU
		{FDDB9BA3-52B8-4EF4-A32A-1441357FB1D3}.Release|Any CPU.Build.0 = Release|Any CPU
		{2F94377C-FAD0-4704-BAA5-7071EC2BDCE0}.Debug|Any CPU.ActiveCfg = Debug|Any CPU
		{2F94377C-FAD0-4704-BAA5-7071EC2BDCE0}.Debug|Any CPU.Build.0 = Debug|Any CPU
		{2F94377C-FAD0-4704-BAA5-7071EC2BDCE0}.Release|Any CPU.ActiveCfg = Release|Any CPU
		{2F94377C-FAD0-4704-BAA5-7071EC2BDCE0}.Release|Any CPU.Build.0 = Release|Any CPU
		{9C3BAF91-A265-4D49-BD1D-34004DD6175F}.Debug|Any CPU.ActiveCfg = Debug|Any CPU
		{9C3BAF91-A265-4D49-BD1D-34004DD6175F}.Debug|Any CPU.Build.0 = Debug|Any CPU
		{9C3BAF91-A265-4D49-BD1D-34004DD6175F}.Release|Any CPU.ActiveCfg = Release|Any CPU
		{9C3BAF91-A265-4D49-BD1D-34004DD6175F}.Release|Any CPU.Build.0 = Release|Any CPU
	EndGlobalSection
	GlobalSection(SolutionProperties) = preSolution
		HideSolutionNode = FALSE
	EndGlobalSection
	GlobalSection(ExtensibilityGlobals) = postSolution
		SolutionGuid = {A26B09BE-BE5D-4F90-90C3-FA670FC6D7C2}
	EndGlobalSection
EndGlobal
