
Microsoft Visual Studio Solution File, Format Version 12.00
# Visual Studio Version 17
VisualStudioVersion = 17.10.34928.147
MinimumVisualStudioVersion = 10.0.40219.1
Project("{FAE04EC0-301F-11D3-BF4B-00C04F79EFBC}") = "DataStructure", "DataStructure\DataStructure.csproj", "{58909F45-DBD0-4F22-8958-3B4C2BB0B2A2}"
EndProject
Project("{FAE04EC0-301F-11D3-BF4B-00C04F79EFBC}") = "LinkedList", "LinkedList\LinkedList.csproj", "{4BD70BFE-E853-407D-AC12-3CD6DF8ED518}"
EndProject
Global
	GlobalSection(SolutionConfigurationPlatforms) = preSolution
		Debug|Any CPU = Debug|Any CPU
		Release|Any CPU = Release|Any CPU
	EndGlobalSection
	GlobalSection(ProjectConfigurationPlatforms) = postSolution
		{58909F45-DBD0-4F22-8958-3B4C2BB0B2A2}.Debug|Any CPU.ActiveCfg = Debug|Any CPU
		{58909F45-DBD0-4F22-8958-3B4C2BB0B2A2}.Debug|Any CPU.Build.0 = Debug|Any CPU
		{58909F45-DBD0-4F22-8958-3B4C2BB0B2A2}.Release|Any CPU.ActiveCfg = Release|Any CPU
		{58909F45-DBD0-4F22-8958-3B4C2BB0B2A2}.Release|Any CPU.Build.0 = Release|Any CPU
		{4BD70BFE-E853-407D-AC12-3CD6DF8ED518}.Debug|Any CPU.ActiveCfg = Debug|Any CPU
		{4BD70BFE-E853-407D-AC12-3CD6DF8ED518}.Debug|Any CPU.Build.0 = Debug|Any CPU
		{4BD70BFE-E853-407D-AC12-3CD6DF8ED518}.Release|Any CPU.ActiveCfg = Release|Any CPU
		{4BD70BFE-E853-407D-AC12-3CD6DF8ED518}.Release|Any CPU.Build.0 = Release|Any CPU
	EndGlobalSection
	GlobalSection(SolutionProperties) = preSolution
		HideSolutionNode = FALSE
	EndGlobalSection
	GlobalSection(ExtensibilityGlobals) = postSolution
		SolutionGuid = {6D4652E7-8F52-41AB-A8D7-870E2C579615}
	EndGlobalSection
EndGlobal
