
Microsoft Visual Studio Solution File, Format Version 12.00
# Visual Studio Version 17
VisualStudioVersion = 17.4.33205.214
MinimumVisualStudioVersion = 10.0.40219.1
Project("{9A19103F-16F7-4668-BE54-9A1E7A4F7556}") = "D14_Console", "D14_Console\D14_Console.csproj", "{299A9487-5DED-40FC-B5D7-164EBC386931}"
EndProject
Project("{9A19103F-16F7-4668-BE54-9A1E7A4F7556}") = "D14_WinForm", "D14_WinForm\D14_WinForm.csproj", "{F13649BF-F4C2-4BCD-A0B8-5E98274CC176}"
EndProject
Global
	GlobalSection(SolutionConfigurationPlatforms) = preSolution
		Debug|Any CPU = Debug|Any CPU
		Release|Any CPU = Release|Any CPU
	EndGlobalSection
	GlobalSection(ProjectConfigurationPlatforms) = postSolution
		{299A9487-5DED-40FC-B5D7-164EBC386931}.Debug|Any CPU.ActiveCfg = Debug|Any CPU
		{299A9487-5DED-40FC-B5D7-164EBC386931}.Debug|Any CPU.Build.0 = Debug|Any CPU
		{299A9487-5DED-40FC-B5D7-164EBC386931}.Release|Any CPU.ActiveCfg = Release|Any CPU
		{299A9487-5DED-40FC-B5D7-164EBC386931}.Release|Any CPU.Build.0 = Release|Any CPU
		{F13649BF-F4C2-4BCD-A0B8-5E98274CC176}.Debug|Any CPU.ActiveCfg = Debug|Any CPU
		{F13649BF-F4C2-4BCD-A0B8-5E98274CC176}.Debug|Any CPU.Build.0 = Debug|Any CPU
		{F13649BF-F4C2-4BCD-A0B8-5E98274CC176}.Release|Any CPU.ActiveCfg = Release|Any CPU
		{F13649BF-F4C2-4BCD-A0B8-5E98274CC176}.Release|Any CPU.Build.0 = Release|Any CPU
	EndGlobalSection
	GlobalSection(SolutionProperties) = preSolution
		HideSolutionNode = FALSE
	EndGlobalSection
	GlobalSection(ExtensibilityGlobals) = postSolution
		SolutionGuid = {AF02F8ED-8DA7-44A1-9BCA-E89F40AF1609}
	EndGlobalSection
EndGlobal
