
Microsoft Visual Studio Solution File, Format Version 12.00
# Visual Studio Version 17
VisualStudioVersion = 17.4.33205.214
MinimumVisualStudioVersion = 10.0.40219.1
Project("{FAE04EC0-301F-11D3-BF4B-00C04F79EFBC}") = "AdoD12", "AdoD12.csproj", "{990192FD-8343-4527-8198-398D887C567C}"
EndProject
Global
	GlobalSection(SolutionConfigurationPlatforms) = preSolution
		Debug|Any CPU = Debug|Any CPU
		Release|Any CPU = Release|Any CPU
	EndGlobalSection
	GlobalSection(ProjectConfigurationPlatforms) = postSolution
		{990192FD-8343-4527-8198-398D887C567C}.Debug|Any CPU.ActiveCfg = Debug|Any CPU
		{990192FD-8343-4527-8198-398D887C567C}.Debug|Any CPU.Build.0 = Debug|Any CPU
		{990192FD-8343-4527-8198-398D887C567C}.Release|Any CPU.ActiveCfg = Release|Any CPU
		{990192FD-8343-4527-8198-398D887C567C}.Release|Any CPU.Build.0 = Release|Any CPU
	EndGlobalSection
	GlobalSection(SolutionProperties) = preSolution
		HideSolutionNode = FALSE
	EndGlobalSection
	GlobalSection(ExtensibilityGlobals) = postSolution
		SolutionGuid = {651F7FE8-E954-4AE9-BD75-E3F030043675}
	EndGlobalSection
EndGlobal
