
Microsoft Visual Studio Solution File, Format Version 12.00
# Visual Studio Version 17
VisualStudioVersion = 17.4.33205.214
MinimumVisualStudioVersion = 10.0.40219.1
Project("{FAE04EC0-301F-11D3-BF4B-00C04F79EFBC}") = "DataAccessLayer", "D13\DataAccessLayer.csproj", "{5D79540F-452F-4895-AE8A-D82F27DAE0A4}"
EndProject
Project("{FAE04EC0-301F-11D3-BF4B-00C04F79EFBC}") = "BusinessLogicLayer", "BusinessLogicLayer\BusinessLogicLayer.csproj", "{5C41281E-8BE7-45E7-B9B5-084C96ECB0E3}"
EndProject
Project("{FAE04EC0-301F-11D3-BF4B-00C04F79EFBC}") = "NorthWinUI", "NorthWinUI\NorthWinUI.csproj", "{B51FF27C-C11F-40B3-9D63-748BB4E096C5}"
EndProject
Global
	GlobalSection(SolutionConfigurationPlatforms) = preSolution
		Debug|Any CPU = Debug|Any CPU
		Release|Any CPU = Release|Any CPU
	EndGlobalSection
	GlobalSection(ProjectConfigurationPlatforms) = postSolution
		{5D79540F-452F-4895-AE8A-D82F27DAE0A4}.Debug|Any CPU.ActiveCfg = Debug|Any CPU
		{5D79540F-452F-4895-AE8A-D82F27DAE0A4}.Debug|Any CPU.Build.0 = Debug|Any CPU
		{5D79540F-452F-4895-AE8A-D82F27DAE0A4}.Release|Any CPU.ActiveCfg = Release|Any CPU
		{5D79540F-452F-4895-AE8A-D82F27DAE0A4}.Release|Any CPU.Build.0 = Release|Any CPU
		{5C41281E-8BE7-45E7-B9B5-084C96ECB0E3}.Debug|Any CPU.ActiveCfg = Debug|Any CPU
		{5C41281E-8BE7-45E7-B9B5-084C96ECB0E3}.Debug|Any CPU.Build.0 = Debug|Any CPU
		{5C41281E-8BE7-45E7-B9B5-084C96ECB0E3}.Release|Any CPU.ActiveCfg = Release|Any CPU
		{5C41281E-8BE7-45E7-B9B5-084C96ECB0E3}.Release|Any CPU.Build.0 = Release|Any CPU
		{B51FF27C-C11F-40B3-9D63-748BB4E096C5}.Debug|Any CPU.ActiveCfg = Debug|Any CPU
		{B51FF27C-C11F-40B3-9D63-748BB4E096C5}.Debug|Any CPU.Build.0 = Debug|Any CPU
		{B51FF27C-C11F-40B3-9D63-748BB4E096C5}.Release|Any CPU.ActiveCfg = Release|Any CPU
		{B51FF27C-C11F-40B3-9D63-748BB4E096C5}.Release|Any CPU.Build.0 = Release|Any CPU
	EndGlobalSection
	GlobalSection(SolutionProperties) = preSolution
		HideSolutionNode = FALSE
	EndGlobalSection
	GlobalSection(ExtensibilityGlobals) = postSolution
		SolutionGuid = {99A6BDC1-B19F-4B98-8434-89570DC6E169}
	EndGlobalSection
EndGlobal
